
Microsoft Visual Studio Solution File, Format Version 12.00
# Visual Studio Version 18
VisualStudioVersion = 18.4.11626.88
MinimumVisualStudioVersion = 10.0.40219.1
Project("{2150E333-8FDC-42A3-9474-1A3956D46DE8}") = "src", "src", "{B4C68BC1-722B-4069-9E4D-7E7FB04FA20A}"
EndProject
Project("{2150E333-8FDC-42A3-9474-1A3956D46DE8}") = "tests", "tests", "{CE774A12-53F2-4F94-ADFA-96E36863AED4}"
EndProject
Project("{FAE04EC0-301F-11D3-BF4B-00C04F79EFBC}") = "Interpreter", "src\Interpreter\Interpreter.csproj", "{5EDBEDA7-5F27-D676-954E-62DCD7502634}"
EndProject
Project("{FAE04EC0-301F-11D3-BF4B-00C04F79EFBC}") = "Runner", "src\Runner\Runner.csproj", "{33B84DF7-7D3D-45E2-9434-A755A5EAF365}"
EndProject
Global
	GlobalSection(SolutionConfigurationPlatforms) = preSolution
		Debug|Any CPU = Debug|Any CPU
		Release|Any CPU = Release|Any CPU
	EndGlobalSection
	GlobalSection(ProjectConfigurationPlatforms) = postSolution
		{5EDBEDA7-5F27-D676-954E-62DCD7502634}.Debug|Any CPU.ActiveCfg = Debug|Any CPU
		{5EDBEDA7-5F27-D676-954E-62DCD7502634}.Debug|Any CPU.Build.0 = Debug|Any CPU
		{5EDBEDA7-5F27-D676-954E-62DCD7502634}.Release|Any CPU.ActiveCfg = Release|Any CPU
		{5EDBEDA7-5F27-D676-954E-62DCD7502634}.Release|Any CPU.Build.0 = Release|Any CPU
		{33B84DF7-7D3D-45E2-9434-A755A5EAF365}.Debug|Any CPU.ActiveCfg = Debug|Any CPU
		{33B84DF7-7D3D-45E2-9434-A755A5EAF365}.Debug|Any CPU.Build.0 = Debug|Any CPU
		{33B84DF7-7D3D-45E2-9434-A755A5EAF365}.Release|Any CPU.ActiveCfg = Release|Any CPU
		{33B84DF7-7D3D-45E2-9434-A755A5EAF365}.Release|Any CPU.Build.0 = Release|Any CPU
	EndGlobalSection
	GlobalSection(SolutionProperties) = preSolution
		HideSolutionNode = FALSE
	EndGlobalSection
	GlobalSection(NestedProjects) = preSolution
		{5EDBEDA7-5F27-D676-954E-62DCD7502634} = {B4C68BC1-722B-4069-9E4D-7E7FB04FA20A}
		{33B84DF7-7D3D-45E2-9434-A755A5EAF365} = {B4C68BC1-722B-4069-9E4D-7E7FB04FA20A}
	EndGlobalSection
	GlobalSection(ExtensibilityGlobals) = postSolution
		SolutionGuid = {6C12EA02-B6B2-4356-9FE7-03732224F34E}
	EndGlobalSection
EndGlobal
