
Microsoft Visual Studio Solution File, Format Version 12.00
# Visual Studio Version 18
VisualStudioVersion = 18.4.11626.88
MinimumVisualStudioVersion = 10.0.40219.1
Project("{2150E333-8FDC-42A3-9474-1A3956D46DE8}") = "src", "src", "{B4C68BC1-722B-4069-9E4D-7E7FB04FA20A}"
EndProject
Project("{2150E333-8FDC-42A3-9474-1A3956D46DE8}") = "tests", "tests", "{CE774A12-53F2-4F94-ADFA-96E36863AED4}"
EndProject
Project("{FAE04EC0-301F-11D3-BF4B-00C04F79EFBC}") = "Interpreter", "src\Interpreter\Interpreter.csproj", "{5EDBEDA7-5F27-D676-954E-62DCD7502634}"
EndProject
Project("{FAE04EC0-301F-11D3-BF4B-00C04F79EFBC}") = "Runner", "src\Runner\Runner.csproj", "{33B84DF7-7D3D-45E2-9434-A755A5EAF365}"
EndProject
Project("{FAE04EC0-301F-11D3-BF4B-00C04F79EFBC}") = "tests", "tests\tests.csproj", "{9CF47860-2CEA-F379-09D8-9AEF27965D12}"
EndProject
Project("{FAE04EC0-301F-11D3-BF4B-00C04F79EFBC}") = "Ast", "src\Ast\Ast.csproj", "{575DF74B-BB72-4A47-BB69-17F4DA0693C3}"
EndProject
Project("{FAE04EC0-301F-11D3-BF4B-00C04F79EFBC}") = "Lexing", "src\Lexing\Lexing.csproj", "{4B080356-E303-4924-8F4E-26BCBE7EF0E4}"
EndProject
Project("{FAE04EC0-301F-11D3-BF4B-00C04F79EFBC}") = "Parsing", "src\Parsing\Parsing.csproj", "{0D834D9B-C63A-454E-9478-FEBDD98610A1}"
EndProject
Project("{FAE04EC0-301F-11D3-BF4B-00C04F79EFBC}") = "Semantics", "src\Semantics\Semantics.csproj", "{6A98C472-176A-4FBF-82F3-165390C85C05}"
EndProject
Project("{FAE04EC0-301F-11D3-BF4B-00C04F79EFBC}") = "Bytecode", "src\Bytecode\Bytecode.csproj", "{EF338AF1-C106-4B78-9992-32F30CD5846C}"
EndProject
Project("{FAE04EC0-301F-11D3-BF4B-00C04F79EFBC}") = "Codegen", "src\Codegen\Codegen.csproj", "{BB447514-FF03-411F-A46B-DA9340563D1A}"
EndProject
Project("{FAE04EC0-301F-11D3-BF4B-00C04F79EFBC}") = "VirtualMachine", "src\VirtualMachine\VirtualMachine.csproj", "{5654D646-E197-42D0-B34E-FAED8EB23A51}"
EndProject
Global
	GlobalSection(SolutionConfigurationPlatforms) = preSolution
		Debug|Any CPU = Debug|Any CPU
		Release|Any CPU = Release|Any CPU
	EndGlobalSection
	GlobalSection(ProjectConfigurationPlatforms) = postSolution
		{5EDBEDA7-5F27-D676-954E-62DCD7502634}.Debug|Any CPU.ActiveCfg = Debug|Any CPU
		{5EDBEDA7-5F27-D676-954E-62DCD7502634}.Debug|Any CPU.Build.0 = Debug|Any CPU
		{5EDBEDA7-5F27-D676-954E-62DCD7502634}.Release|Any CPU.ActiveCfg = Release|Any CPU
		{5EDBEDA7-5F27-D676-954E-62DCD7502634}.Release|Any CPU.Build.0 = Release|Any CPU
		{33B84DF7-7D3D-45E2-9434-A755A5EAF365}.Debug|Any CPU.ActiveCfg = Debug|Any CPU
		{33B84DF7-7D3D-45E2-9434-A755A5EAF365}.Debug|Any CPU.Build.0 = Debug|Any CPU
		{33B84DF7-7D3D-45E2-9434-A755A5EAF365}.Release|Any CPU.ActiveCfg = Release|Any CPU
		{33B84DF7-7D3D-45E2-9434-A755A5EAF365}.Release|Any CPU.Build.0 = Release|Any CPU
		{9CF47860-2CEA-F379-09D8-9AEF27965D12}.Debug|Any CPU.ActiveCfg = Debug|Any CPU
		{9CF47860-2CEA-F379-09D8-9AEF27965D12}.Debug|Any CPU.Build.0 = Debug|Any CPU
		{9CF47860-2CEA-F379-09D8-9AEF27965D12}.Release|Any CPU.ActiveCfg = Release|Any CPU
		{9CF47860-2CEA-F379-09D8-9AEF27965D12}.Release|Any CPU.Build.0 = Release|Any CPU
		{575DF74B-BB72-4A47-BB69-17F4DA0693C3}.Debug|Any CPU.ActiveCfg = Debug|Any CPU
		{575DF74B-BB72-4A47-BB69-17F4DA0693C3}.Debug|Any CPU.Build.0 = Debug|Any CPU
		{575DF74B-BB72-4A47-BB69-17F4DA0693C3}.Release|Any CPU.ActiveCfg = Release|Any CPU
		{575DF74B-BB72-4A47-BB69-17F4DA0693C3}.Release|Any CPU.Build.0 = Release|Any CPU
		{4B080356-E303-4924-8F4E-26BCBE7EF0E4}.Debug|Any CPU.ActiveCfg = Debug|Any CPU
		{4B080356-E303-4924-8F4E-26BCBE7EF0E4}.Debug|Any CPU.Build.0 = Debug|Any CPU
		{4B080356-E303-4924-8F4E-26BCBE7EF0E4}.Release|Any CPU.ActiveCfg = Release|Any CPU
		{4B080356-E303-4924-8F4E-26BCBE7EF0E4}.Release|Any CPU.Build.0 = Release|Any CPU
		{0D834D9B-C63A-454E-9478-FEBDD98610A1}.Debug|Any CPU.ActiveCfg = Debug|Any CPU
		{0D834D9B-C63A-454E-9478-FEBDD98610A1}.Debug|Any CPU.Build.0 = Debug|Any CPU
		{0D834D9B-C63A-454E-9478-FEBDD98610A1}.Release|Any CPU.ActiveCfg = Release|Any CPU
		{0D834D9B-C63A-454E-9478-FEBDD98610A1}.Release|Any CPU.Build.0 = Release|Any CPU
		{6A98C472-176A-4FBF-82F3-165390C85C05}.Debug|Any CPU.ActiveCfg = Debug|Any CPU
		{6A98C472-176A-4FBF-82F3-165390C85C05}.Debug|Any CPU.Build.0 = Debug|Any CPU
		{6A98C472-176A-4FBF-82F3-165390C85C05}.Release|Any CPU.ActiveCfg = Release|Any CPU
		{6A98C472-176A-4FBF-82F3-165390C85C05}.Release|Any CPU.Build.0 = Release|Any CPU
		{EF338AF1-C106-4B78-9992-32F30CD5846C}.Debug|Any CPU.ActiveCfg = Debug|Any CPU
		{EF338AF1-C106-4B78-9992-32F30CD5846C}.Debug|Any CPU.Build.0 = Debug|Any CPU
		{EF338AF1-C106-4B78-9992-32F30CD5846C}.Release|Any CPU.ActiveCfg = Release|Any CPU
		{EF338AF1-C106-4B78-9992-32F30CD5846C}.Release|Any CPU.Build.0 = Release|Any CPU
		{BB447514-FF03-411F-A46B-DA9340563D1A}.Debug|Any CPU.ActiveCfg = Debug|Any CPU
		{BB447514-FF03-411F-A46B-DA9340563D1A}.Debug|Any CPU.Build.0 = Debug|Any CPU
		{BB447514-FF03-411F-A46B-DA9340563D1A}.Release|Any CPU.ActiveCfg = Release|Any CPU
		{BB447514-FF03-411F-A46B-DA9340563D1A}.Release|Any CPU.Build.0 = Release|Any CPU
		{5654D646-E197-42D0-B34E-FAED8EB23A51}.Debug|Any CPU.ActiveCfg = Debug|Any CPU
		{5654D646-E197-42D0-B34E-FAED8EB23A51}.Debug|Any CPU.Build.0 = Debug|Any CPU
		{5654D646-E197-42D0-B34E-FAED8EB23A51}.Release|Any CPU.ActiveCfg = Release|Any CPU
		{5654D646-E197-42D0-B34E-FAED8EB23A51}.Release|Any CPU.Build.0 = Release|Any CPU
	EndGlobalSection
	GlobalSection(SolutionProperties) = preSolution
		HideSolutionNode = FALSE
	EndGlobalSection
	GlobalSection(NestedProjects) = preSolution
		{5EDBEDA7-5F27-D676-954E-62DCD7502634} = {B4C68BC1-722B-4069-9E4D-7E7FB04FA20A}
		{33B84DF7-7D3D-45E2-9434-A755A5EAF365} = {B4C68BC1-722B-4069-9E4D-7E7FB04FA20A}
		{9CF47860-2CEA-F379-09D8-9AEF27965D12} = {CE774A12-53F2-4F94-ADFA-96E36863AED4}
		{575DF74B-BB72-4A47-BB69-17F4DA0693C3} = {B4C68BC1-722B-4069-9E4D-7E7FB04FA20A}
		{4B080356-E303-4924-8F4E-26BCBE7EF0E4} = {B4C68BC1-722B-4069-9E4D-7E7FB04FA20A}
		{0D834D9B-C63A-454E-9478-FEBDD98610A1} = {B4C68BC1-722B-4069-9E4D-7E7FB04FA20A}
		{6A98C472-176A-4FBF-82F3-165390C85C05} = {B4C68BC1-722B-4069-9E4D-7E7FB04FA20A}
		{EF338AF1-C106-4B78-9992-32F30CD5846C} = {B4C68BC1-722B-4069-9E4D-7E7FB04FA20A}
		{BB447514-FF03-411F-A46B-DA9340563D1A} = {B4C68BC1-722B-4069-9E4D-7E7FB04FA20A}
		{5654D646-E197-42D0-B34E-FAED8EB23A51} = {B4C68BC1-722B-4069-9E4D-7E7FB04FA20A}
	EndGlobalSection
	GlobalSection(ExtensibilityGlobals) = postSolution
		SolutionGuid = {6C12EA02-B6B2-4356-9FE7-03732224F34E}
	EndGlobalSection
EndGlobal
